Microsoft Visual Studio Solution File, Format Version 12.00
# Visual Studio Version 17
VisualStudioVersion = 17.5.2.0
MinimumVisualStudioVersion = 10.0.40219.1
Project("{FAE04EC0-301F-11D3-BF4B-00C04F79EFBC}") = "Assembly-CSharp-Editor", "unity(simulation)\Assembly-CSharp-Editor.csproj", "{44F4A371-150F-2091-8D35-5ED5CDE6EFC1}"
EndProject
Project("{FAE04EC0-301F-11D3-BF4B-00C04F79EFBC}") = "Assembly-CSharp", "unity(simulation)\Assembly-CSharp.csproj", "{446CE04B-EBCC-C710-0C34-13B8BA81AC43}"
EndProject
Global
	GlobalSection(SolutionConfigurationPlatforms) = preSolution
		Debug|Any CPU = Debug|Any CPU
		Release|Any CPU = Release|Any CPU
	EndGlobalSection
	GlobalSection(ProjectConfigurationPlatforms) = postSolution
		{44F4A371-150F-2091-8D35-5ED5CDE6EFC1}.Debug|Any CPU.ActiveCfg = Debug|Any CPU
		{44F4A371-150F-2091-8D35-5ED5CDE6EFC1}.Debug|Any CPU.Build.0 = Debug|Any CPU
		{44F4A371-150F-2091-8D35-5ED5CDE6EFC1}.Release|Any CPU.ActiveCfg = Release|Any CPU
		{44F4A371-150F-2091-8D35-5ED5CDE6EFC1}.Release|Any CPU.Build.0 = Release|Any CPU
		{446CE04B-EBCC-C710-0C34-13B8BA81AC43}.Debug|Any CPU.ActiveCfg = Debug|Any CPU
		{446CE04B-EBCC-C710-0C34-13B8BA81AC43}.Debug|Any CPU.Build.0 = Debug|Any CPU
		{446CE04B-EBCC-C710-0C34-13B8BA81AC43}.Release|Any CPU.ActiveCfg = Release|Any CPU
		{446CE04B-EBCC-C710-0C34-13B8BA81AC43}.Release|Any CPU.Build.0 = Release|Any CPU
	EndGlobalSection
	GlobalSection(SolutionProperties) = preSolution
		HideSolutionNode = FALSE
	EndGlobalSection
	GlobalSection(ExtensibilityGlobals) = postSolution
		SolutionGuid = {55300539-21D5-47AE-B095-CC84BBF66847}
	EndGlobalSection
EndGlobal
